
Microsoft Visual Studio Solution File, Format Version 12.00
# Visual Studio Version 17
VisualStudioVersion = 17.0.31903.59
MinimumVisualStudioVersion = 10.0.40219.1
Project("{FAE04EC0-301F-11D3-BF4B-00C04F79EFBC}") = "WeatherForecastService.Http", "WeatherForecastService.Http\WeatherForecastService.Http.csproj", "{6C99E452-0FE3-49C0-B4AE-04C8B4DAE5E1}"
EndProject
Project("{FAE04EC0-301F-11D3-BF4B-00C04F79EFBC}") = "AuthorizationService.Grpc", "AuthorizationService.Grpc\AuthorizationService.Grpc.csproj", "{505B7394-C4E0-4179-9D10-F3F7FBE54714}"
EndProject
Global
	GlobalSection(SolutionConfigurationPlatforms) = preSolution
		Debug|Any CPU = Debug|Any CPU
		Release|Any CPU = Release|Any CPU
	EndGlobalSection
	GlobalSection(SolutionProperties) = preSolution
		HideSolutionNode = FALSE
	EndGlobalSection
	GlobalSection(ProjectConfigurationPlatforms) = postSolution
		{6C99E452-0FE3-49C0-B4AE-04C8B4DAE5E1}.Debug|Any CPU.ActiveCfg = Debug|Any CPU
		{6C99E452-0FE3-49C0-B4AE-04C8B4DAE5E1}.Debug|Any CPU.Build.0 = Debug|Any CPU
		{6C99E452-0FE3-49C0-B4AE-04C8B4DAE5E1}.Release|Any CPU.ActiveCfg = Release|Any CPU
		{6C99E452-0FE3-49C0-B4AE-04C8B4DAE5E1}.Release|Any CPU.Build.0 = Release|Any CPU
		{505B7394-C4E0-4179-9D10-F3F7FBE54714}.Debug|Any CPU.ActiveCfg = Debug|Any CPU
		{505B7394-C4E0-4179-9D10-F3F7FBE54714}.Debug|Any CPU.Build.0 = Debug|Any CPU
		{505B7394-C4E0-4179-9D10-F3F7FBE54714}.Release|Any CPU.ActiveCfg = Release|Any CPU
		{505B7394-C4E0-4179-9D10-F3F7FBE54714}.Release|Any CPU.Build.0 = Release|Any CPU
	EndGlobalSection
EndGlobal
